// !$*UTF8*$!
{
	archiveVersion = 1;
	classes = {
	};
	objectVersion = 56;
	objects = {

/* Begin PBXBuildFile section */
		2239250429082C5300BC92D4 /* PersonalDetailsService.swift in Sources */ = {isa = PBXBuildFile; fileRef = 2239250329082C5300BC92D4 /* PersonalDetailsService.swift */; };
		2239250629082EF500BC92D4 /* WineTests+PersonalDetails.swift in Sources */ = {isa = PBXBuildFile; fileRef = 2239250529082EF500BC92D4 /* WineTests+PersonalDetails.swift */; };
		223925092908330A00BC92D4 /* PersonalDetailsTests.swift in Sources */ = {isa = PBXBuildFile; fileRef = 223925082908330A00BC92D4 /* PersonalDetailsTests.swift */; };
		2239250B29083CCE00BC92D4 /* FoodPairingService.swift in Sources */ = {isa = PBXBuildFile; fileRef = 2239250A29083CCE00BC92D4 /* FoodPairingService.swift */; };
		2239250E290845DC00BC92D4 /* FoodPairingTests.swift in Sources */ = {isa = PBXBuildFile; fileRef = 2239250D290845DC00BC92D4 /* FoodPairingTests.swift */; };
		22392510290848D400BC92D4 /* WineTests+FoodPairing.swift in Sources */ = {isa = PBXBuildFile; fileRef = 2239250F290848D400BC92D4 /* WineTests+FoodPairing.swift */; };
		2239251229084F8A00BC92D4 /* HourlyDataService.swift in Sources */ = {isa = PBXBuildFile; fileRef = 2239251129084F8A00BC92D4 /* HourlyDataService.swift */; };
		22392514290850BC00BC92D4 /* DailyDataBuilderModel.swift in Sources */ = {isa = PBXBuildFile; fileRef = 22392513290850BC00BC92D4 /* DailyDataBuilderModel.swift */; };
		223925172908546100BC92D4 /* HourlyDataTests.swift in Sources */ = {isa = PBXBuildFile; fileRef = 223925162908546100BC92D4 /* HourlyDataTests.swift */; };
		226DE31329060FE2003D8E9D /* WineTests+Vineyard.swift in Sources */ = {isa = PBXBuildFile; fileRef = 226DE31229060FE2003D8E9D /* WineTests+Vineyard.swift */; };
		226DE315290610C8003D8E9D /* WineTests+SmellDetails.swift in Sources */ = {isa = PBXBuildFile; fileRef = 226DE314290610C8003D8E9D /* WineTests+SmellDetails.swift */; };
		226DE3172906129C003D8E9D /* VisualDetailsService.swift in Sources */ = {isa = PBXBuildFile; fileRef = 226DE3162906129C003D8E9D /* VisualDetailsService.swift */; };
		226DE319290614E9003D8E9D /* VisualDetailsTests.swift in Sources */ = {isa = PBXBuildFile; fileRef = 226DE318290614E9003D8E9D /* VisualDetailsTests.swift */; };
		226DE31C29061C3A003D8E9D /* WineTests+VisualDetails.swift in Sources */ = {isa = PBXBuildFile; fileRef = 226DE31B29061C3A003D8E9D /* WineTests+VisualDetails.swift */; };
		22829739290442120081742D /* WineTastingBuilderModel.swift in Sources */ = {isa = PBXBuildFile; fileRef = 22829738290442120081742D /* WineTastingBuilderModel.swift */; };
		2282973B290442630081742D /* FlightBuilderModel.swift in Sources */ = {isa = PBXBuildFile; fileRef = 2282973A290442630081742D /* FlightBuilderModel.swift */; };
		2282973E2904447E0081742D /* WineBuilder.swift in Sources */ = {isa = PBXBuildFile; fileRef = 2282973D2904447E0081742D /* WineBuilder.swift */; };
		228297452904489D0081742D /* Constants.swift in Sources */ = {isa = PBXBuildFile; fileRef = 22FB7FE12903728C0058F90B /* Constants.swift */; };
		22829746290448C00081742D /* WineTastingBuilderModel.swift in Sources */ = {isa = PBXBuildFile; fileRef = 22829738290442120081742D /* WineTastingBuilderModel.swift */; };
		22829747290448C00081742D /* FlightBuilderModel.swift in Sources */ = {isa = PBXBuildFile; fileRef = 2282973A290442630081742D /* FlightBuilderModel.swift */; };
		22829748290448C30081742D /* SmellDetailsBuilderModel.swift in Sources */ = {isa = PBXBuildFile; fileRef = 22FB7FD429032A370058F90B /* SmellDetailsBuilderModel.swift */; };
		22829749290448C30081742D /* TastingNoteBuilderModel.swift in Sources */ = {isa = PBXBuildFile; fileRef = 22FB7FD829032A620058F90B /* TastingNoteBuilderModel.swift */; };
		2282974A290448C30081742D /* HourlyDataBuilderModel.swift in Sources */ = {isa = PBXBuildFile; fileRef = 22FB7FE3290373DE0058F90B /* HourlyDataBuilderModel.swift */; };
		2282974B290448C30081742D /* WineBuilderModel.swift in Sources */ = {isa = PBXBuildFile; fileRef = 22FB7FCD290328C30058F90B /* WineBuilderModel.swift */; };
		2282974C290448C30081742D /* PersonalDetailsBuilderModel.swift in Sources */ = {isa = PBXBuildFile; fileRef = 22FB7FD2290329C40058F90B /* PersonalDetailsBuilderModel.swift */; };
		2282974D290448C30081742D /* TasteDetailsBuilderModel.swift in Sources */ = {isa = PBXBuildFile; fileRef = 22FB7FD0290329BA0058F90B /* TasteDetailsBuilderModel.swift */; };
		2282974E290448C30081742D /* VisualDetailsBuilderModel.swift in Sources */ = {isa = PBXBuildFile; fileRef = 22FB7FD629032A470058F90B /* VisualDetailsBuilderModel.swift */; };
		2282974F290448C30081742D /* VineyardBuilderModel.swift in Sources */ = {isa = PBXBuildFile; fileRef = 22FB7FDA290359950058F90B /* VineyardBuilderModel.swift */; };
		22829751290451D10081742D /* VineyardBuilder.swift in Sources */ = {isa = PBXBuildFile; fileRef = 22829750290451D10081742D /* VineyardBuilder.swift */; };
		22829754290459D00081742D /* Launch Screen.storyboard in Resources */ = {isa = PBXBuildFile; fileRef = 22829753290459D00081742D /* Launch Screen.storyboard */; };
		2282975629045DCD0081742D /* FoodPairingBuilderModel.swift in Sources */ = {isa = PBXBuildFile; fileRef = 2282975529045DCD0081742D /* FoodPairingBuilderModel.swift */; };
		2282975729045E090081742D /* FoodPairingBuilderModel.swift in Sources */ = {isa = PBXBuildFile; fileRef = 2282975529045DCD0081742D /* FoodPairingBuilderModel.swift */; };
		22A5532F29085A8C00153EDF /* DailyDataBuilderModel.swift in Sources */ = {isa = PBXBuildFile; fileRef = 22392513290850BC00BC92D4 /* DailyDataBuilderModel.swift */; };
		22A5533129085B1100153EDF /* WineTests+HourlyData.swift in Sources */ = {isa = PBXBuildFile; fileRef = 22A5533029085B1100153EDF /* WineTests+HourlyData.swift */; };
		22A55333290863FB00153EDF /* DailyDataService.swift in Sources */ = {isa = PBXBuildFile; fileRef = 22A55332290863FB00153EDF /* DailyDataService.swift */; };
		22A55336290865F000153EDF /* DailyDataTests.swift in Sources */ = {isa = PBXBuildFile; fileRef = 22A55335290865F000153EDF /* DailyDataTests.swift */; };
		22A55338290867D800153EDF /* WineTests+DailyData.swift in Sources */ = {isa = PBXBuildFile; fileRef = 22A55337290867D800153EDF /* WineTests+DailyData.swift */; };
		22A5533D29086A6700153EDF /* FlightService.swift in Sources */ = {isa = PBXBuildFile; fileRef = 22A5533C29086A6700153EDF /* FlightService.swift */; };
		22A5534129086B1D00153EDF /* FlightTests.swift in Sources */ = {isa = PBXBuildFile; fileRef = 22A5534029086B1D00153EDF /* FlightTests.swift */; };
		22A5534529086B8900153EDF /* FlightBuilder.swift in Sources */ = {isa = PBXBuildFile; fileRef = 22A5534429086B8900153EDF /* FlightBuilder.swift */; };
		22A5534729086CEC00153EDF /* WineTastingBuilder.swift in Sources */ = {isa = PBXBuildFile; fileRef = 22A5534629086CEC00153EDF /* WineTastingBuilder.swift */; };
		22A5534929086FBE00153EDF /* WineTastingService.swift in Sources */ = {isa = PBXBuildFile; fileRef = 22A5534829086FBE00153EDF /* WineTastingService.swift */; };
		22A5534C2908701E00153EDF /* WineTastingTests.swift in Sources */ = {isa = PBXBuildFile; fileRef = 22A5534B2908701E00153EDF /* WineTastingTests.swift */; };
		22A55350290871AA00153EDF /* WineTastingTests+Flight.swift in Sources */ = {isa = PBXBuildFile; fileRef = 22A5534F290871AA00153EDF /* WineTastingTests+Flight.swift */; };
		22A553522908750500153EDF /* FlightTests+Wine.swift in Sources */ = {isa = PBXBuildFile; fileRef = 22A553512908750500153EDF /* FlightTests+Wine.swift */; };
		22A553562908A8E600153EDF /* CellarViewModelTests.swift in Sources */ = {isa = PBXBuildFile; fileRef = 22A553552908A8E600153EDF /* CellarViewModelTests.swift */; };
		22A553572908B15E00153EDF /* WineBuilder.swift in Sources */ = {isa = PBXBuildFile; fileRef = 2282973D2904447E0081742D /* WineBuilder.swift */; };
		22A553582908B20200153EDF /* DailyDataBuilder.swift in Sources */ = {isa = PBXBuildFile; fileRef = 22B07FDB2904DA3600312C34 /* DailyDataBuilder.swift */; };
		22A553592908B20200153EDF /* VineyardBuilder.swift in Sources */ = {isa = PBXBuildFile; fileRef = 22829750290451D10081742D /* VineyardBuilder.swift */; };
		22A5535A2908B20200153EDF /* TasteDetailsBuilder.swift in Sources */ = {isa = PBXBuildFile; fileRef = 22B07FCD2904D4FC00312C34 /* TasteDetailsBuilder.swift */; };
		22A5535B2908B20200153EDF /* PersonalDetailsBuilder.swift in Sources */ = {isa = PBXBuildFile; fileRef = 22B07FD72904D86300312C34 /* PersonalDetailsBuilder.swift */; };
		22A5535C2908B20200153EDF /* SmellDetailsBuilder.swift in Sources */ = {isa = PBXBuildFile; fileRef = 22B07FCF2904D5E900312C34 /* SmellDetailsBuilder.swift */; };
		22A5535D2908B20200153EDF /* FoodPairingBuilder.swift in Sources */ = {isa = PBXBuildFile; fileRef = 22B07FDF2904DC4E00312C34 /* FoodPairingBuilder.swift */; };
		22A5535E2908B20200153EDF /* TastingNoteBuilder.swift in Sources */ = {isa = PBXBuildFile; fileRef = 22B07FD32904D75500312C34 /* TastingNoteBuilder.swift */; };
		22A5535F2908B20200153EDF /* VisualDetailsBuilder.swift in Sources */ = {isa = PBXBuildFile; fileRef = 22B07FCB2904D44600312C34 /* VisualDetailsBuilder.swift */; };
		22A553602908B20200153EDF /* HourlyDataBuilder.swift in Sources */ = {isa = PBXBuildFile; fileRef = 22B07FD92904D8D300312C34 /* HourlyDataBuilder.swift */; };
		22A5536829097A4B00153EDF /* WineCollectionViewCell.swift in Sources */ = {isa = PBXBuildFile; fileRef = 22A5536729097A4B00153EDF /* WineCollectionViewCell.swift */; };
		22A5536A2909D64600153EDF /* SectionHeaderReusableView.swift in Sources */ = {isa = PBXBuildFile; fileRef = 22A553692909D64600153EDF /* SectionHeaderReusableView.swift */; };
		22B07FB929045F1F00312C34 /* CellarViewModel.swift in Sources */ = {isa = PBXBuildFile; fileRef = 22B07FB829045F1F00312C34 /* CellarViewModel.swift */; };
		22B07FBE290461AE00312C34 /* PureLayout in Frameworks */ = {isa = PBXBuildFile; productRef = 22B07FBD290461AE00312C34 /* PureLayout */; };
		22B07FC32904B98800312C34 /* Wine_Cellar.xcdatamodeld in Sources */ = {isa = PBXBuildFile; fileRef = 22B07FC12904B98800312C34 /* Wine_Cellar.xcdatamodeld */; };
		22B07FC52904C8F100312C34 /* TestCoreDataStack.swift in Sources */ = {isa = PBXBuildFile; fileRef = 22B07FC42904C8F100312C34 /* TestCoreDataStack.swift */; };
		22B07FC72904C94F00312C34 /* CoreDataStack.swift in Sources */ = {isa = PBXBuildFile; fileRef = 22B07FC62904C94F00312C34 /* CoreDataStack.swift */; };
		22B07FCA2904CC7600312C34 /* WineService.swift in Sources */ = {isa = PBXBuildFile; fileRef = 22B07FC92904CC7600312C34 /* WineService.swift */; };
		22B07FCC2904D44600312C34 /* VisualDetailsBuilder.swift in Sources */ = {isa = PBXBuildFile; fileRef = 22B07FCB2904D44600312C34 /* VisualDetailsBuilder.swift */; };
		22B07FCE2904D4FC00312C34 /* TasteDetailsBuilder.swift in Sources */ = {isa = PBXBuildFile; fileRef = 22B07FCD2904D4FC00312C34 /* TasteDetailsBuilder.swift */; };
		22B07FD02904D5E900312C34 /* SmellDetailsBuilder.swift in Sources */ = {isa = PBXBuildFile; fileRef = 22B07FCF2904D5E900312C34 /* SmellDetailsBuilder.swift */; };
		22B07FD42904D75500312C34 /* TastingNoteBuilder.swift in Sources */ = {isa = PBXBuildFile; fileRef = 22B07FD32904D75500312C34 /* TastingNoteBuilder.swift */; };
		22B07FD82904D86300312C34 /* PersonalDetailsBuilder.swift in Sources */ = {isa = PBXBuildFile; fileRef = 22B07FD72904D86300312C34 /* PersonalDetailsBuilder.swift */; };
		22B07FDA2904D8D300312C34 /* HourlyDataBuilder.swift in Sources */ = {isa = PBXBuildFile; fileRef = 22B07FD92904D8D300312C34 /* HourlyDataBuilder.swift */; };
		22B07FDC2904DA3600312C34 /* DailyDataBuilder.swift in Sources */ = {isa = PBXBuildFile; fileRef = 22B07FDB2904DA3600312C34 /* DailyDataBuilder.swift */; };
		22B07FE02904DC4E00312C34 /* FoodPairingBuilder.swift in Sources */ = {isa = PBXBuildFile; fileRef = 22B07FDF2904DC4E00312C34 /* FoodPairingBuilder.swift */; };
		22B07FE62905BC5A00312C34 /* VineyardTests.swift in Sources */ = {isa = PBXBuildFile; fileRef = 22B07FE52905BC5A00312C34 /* VineyardTests.swift */; };
		22B07FE82905BCA700312C34 /* VineyardService.swift in Sources */ = {isa = PBXBuildFile; fileRef = 22B07FE72905BCA700312C34 /* VineyardService.swift */; };
		22B07FEA2905FE1500312C34 /* SmellDetailsServices.swift in Sources */ = {isa = PBXBuildFile; fileRef = 22B07FE92905FE1500312C34 /* SmellDetailsServices.swift */; };
		22B07FED2905FF5400312C34 /* SmellDetailsTests.swift in Sources */ = {isa = PBXBuildFile; fileRef = 22B07FEC2905FF5400312C34 /* SmellDetailsTests.swift */; };
		22C9D52F290745CB001DB138 /* TasteDetailsService.swift in Sources */ = {isa = PBXBuildFile; fileRef = 22C9D52E290745CB001DB138 /* TasteDetailsService.swift */; };
		22C9D532290747A9001DB138 /* TasteDetailsTests.swift in Sources */ = {isa = PBXBuildFile; fileRef = 22C9D531290747A9001DB138 /* TasteDetailsTests.swift */; };
		22C9D534290759E5001DB138 /* WineTests+TasteDetails.swift in Sources */ = {isa = PBXBuildFile; fileRef = 22C9D533290759E5001DB138 /* WineTests+TasteDetails.swift */; };
		22C9D53629075E2B001DB138 /* TastingNotesService.swift in Sources */ = {isa = PBXBuildFile; fileRef = 22C9D53529075E2B001DB138 /* TastingNotesService.swift */; };
		22C9D53929076787001DB138 /* TastingNoteTests.swift in Sources */ = {isa = PBXBuildFile; fileRef = 22C9D53829076787001DB138 /* TastingNoteTests.swift */; };
		22C9D53B290792DA001DB138 /* WineTests+TastingNotes.swift in Sources */ = {isa = PBXBuildFile; fileRef = 22C9D53A290792DA001DB138 /* WineTests+TastingNotes.swift */; };
		22E8067529031187006E0629 /* AppDelegate.swift in Sources */ = {isa = PBXBuildFile; fileRef = 22E8067429031187006E0629 /* AppDelegate.swift */; };
		22E8067729031187006E0629 /* SceneDelegate.swift in Sources */ = {isa = PBXBuildFile; fileRef = 22E8067629031187006E0629 /* SceneDelegate.swift */; };
		22E8067929031187006E0629 /* CellarViewController.swift in Sources */ = {isa = PBXBuildFile; fileRef = 22E8067829031187006E0629 /* CellarViewController.swift */; };
		22E8067E29031188006E0629 /* Assets.xcassets in Resources */ = {isa = PBXBuildFile; fileRef = 22E8067D29031188006E0629 /* Assets.xcassets */; };
		22E8068C29031188006E0629 /* WineTests.swift in Sources */ = {isa = PBXBuildFile; fileRef = 22E8068B29031188006E0629 /* WineTests.swift */; };
		22E8069629031188006E0629 /* Wine_CellarUITests.swift in Sources */ = {isa = PBXBuildFile; fileRef = 22E8069529031188006E0629 /* Wine_CellarUITests.swift */; };
		22E8069829031188006E0629 /* Wine_CellarUITestsLaunchTests.swift in Sources */ = {isa = PBXBuildFile; fileRef = 22E8069729031188006E0629 /* Wine_CellarUITestsLaunchTests.swift */; };
		22E806A629031233006E0629 /* HomeTabBarController.swift in Sources */ = {isa = PBXBuildFile; fileRef = 22E806A529031233006E0629 /* HomeTabBarController.swift */; };
		22FB7FCE290328C30058F90B /* WineBuilderModel.swift in Sources */ = {isa = PBXBuildFile; fileRef = 22FB7FCD290328C30058F90B /* WineBuilderModel.swift */; };
		22FB7FD1290329BA0058F90B /* TasteDetailsBuilderModel.swift in Sources */ = {isa = PBXBuildFile; fileRef = 22FB7FD0290329BA0058F90B /* TasteDetailsBuilderModel.swift */; };
		22FB7FD3290329C40058F90B /* PersonalDetailsBuilderModel.swift in Sources */ = {isa = PBXBuildFile; fileRef = 22FB7FD2290329C40058F90B /* PersonalDetailsBuilderModel.swift */; };
		22FB7FD529032A370058F90B /* SmellDetailsBuilderModel.swift in Sources */ = {isa = PBXBuildFile; fileRef = 22FB7FD429032A370058F90B /* SmellDetailsBuilderModel.swift */; };
		22FB7FD729032A470058F90B /* VisualDetailsBuilderModel.swift in Sources */ = {isa = PBXBuildFile; fileRef = 22FB7FD629032A470058F90B /* VisualDetailsBuilderModel.swift */; };
		22FB7FD929032A620058F90B /* TastingNoteBuilderModel.swift in Sources */ = {isa = PBXBuildFile; fileRef = 22FB7FD829032A620058F90B /* TastingNoteBuilderModel.swift */; };
		22FB7FDB290359950058F90B /* VineyardBuilderModel.swift in Sources */ = {isa = PBXBuildFile; fileRef = 22FB7FDA290359950058F90B /* VineyardBuilderModel.swift */; };
		22FB7FDF2903697C0058F90B /* PureLayout in Frameworks */ = {isa = PBXBuildFile; productRef = 22FB7FDE2903697C0058F90B /* PureLayout */; };
		22FB7FE22903728C0058F90B /* Constants.swift in Sources */ = {isa = PBXBuildFile; fileRef = 22FB7FE12903728C0058F90B /* Constants.swift */; };
		22FB7FE4290373DE0058F90B /* HourlyDataBuilderModel.swift in Sources */ = {isa = PBXBuildFile; fileRef = 22FB7FE3290373DE0058F90B /* HourlyDataBuilderModel.swift */; };
		22FB7FE729037EB70058F90B /* DummyWeatherData.json in Resources */ = {isa = PBXBuildFile; fileRef = 22FB7FE629037EB70058F90B /* DummyWeatherData.json */; };
		22FB7FEE2903A1040058F90B /* FlightAttendantViewController.swift in Sources */ = {isa = PBXBuildFile; fileRef = 22FB7FED2903A1040058F90B /* FlightAttendantViewController.swift */; };
		22FB7FF02903A17D0058F90B /* PastTastingsViewController.swift in Sources */ = {isa = PBXBuildFile; fileRef = 22FB7FEF2903A17D0058F90B /* PastTastingsViewController.swift */; };
		22FB7FF22903A1890058F90B /* SettingsViewController.swift in Sources */ = {isa = PBXBuildFile; fileRef = 22FB7FF12903A1890058F90B /* SettingsViewController.swift */; };
		22FB7FF52903AB160058F90B /* Extensions.swift in Sources */ = {isa = PBXBuildFile; fileRef = 22FB7FF42903AB160058F90B /* Extensions.swift */; };
/* End PBXBuildFile section */

/* Begin PBXContainerItemProxy section */
		22E8068829031188006E0629 /* PBXContainerItemProxy */ = {
			isa = PBXContainerItemProxy;
			containerPortal = 22E8066929031187006E0629 /* Project object */;
			proxyType = 1;
			remoteGlobalIDString = 22E8067029031187006E0629;
			remoteInfo = "Wine Cellar";
		};
		22E8069229031188006E0629 /* PBXContainerItemProxy */ = {
			isa = PBXContainerItemProxy;
			containerPortal = 22E8066929031187006E0629 /* Project object */;
			proxyType = 1;
			remoteGlobalIDString = 22E8067029031187006E0629;
			remoteInfo = "Wine Cellar";
		};
/* End PBXContainerItemProxy section */

/* Begin PBXFileReference section */
		2239250329082C5300BC92D4 /* PersonalDetailsService.swift */ = {isa = PBXFileReference; lastKnownFileType = sourcecode.swift; path = PersonalDetailsService.swift; sourceTree = "<group>"; };
		2239250529082EF500BC92D4 /* WineTests+PersonalDetails.swift */ = {isa = PBXFileReference; lastKnownFileType = sourcecode.swift; path = "WineTests+PersonalDetails.swift"; sourceTree = "<group>"; };
		223925082908330A00BC92D4 /* PersonalDetailsTests.swift */ = {isa = PBXFileReference; lastKnownFileType = sourcecode.swift; path = PersonalDetailsTests.swift; sourceTree = "<group>"; };
		2239250A29083CCE00BC92D4 /* FoodPairingService.swift */ = {isa = PBXFileReference; lastKnownFileType = sourcecode.swift; path = FoodPairingService.swift; sourceTree = "<group>"; };
		2239250D290845DC00BC92D4 /* FoodPairingTests.swift */ = {isa = PBXFileReference; lastKnownFileType = sourcecode.swift; path = FoodPairingTests.swift; sourceTree = "<group>"; };
		2239250F290848D400BC92D4 /* WineTests+FoodPairing.swift */ = {isa = PBXFileReference; lastKnownFileType = sourcecode.swift; path = "WineTests+FoodPairing.swift"; sourceTree = "<group>"; };
		2239251129084F8A00BC92D4 /* HourlyDataService.swift */ = {isa = PBXFileReference; lastKnownFileType = sourcecode.swift; path = HourlyDataService.swift; sourceTree = "<group>"; };
		22392513290850BC00BC92D4 /* DailyDataBuilderModel.swift */ = {isa = PBXFileReference; lastKnownFileType = sourcecode.swift; path = DailyDataBuilderModel.swift; sourceTree = "<group>"; };
		223925162908546100BC92D4 /* HourlyDataTests.swift */ = {isa = PBXFileReference; lastKnownFileType = sourcecode.swift; path = HourlyDataTests.swift; sourceTree = "<group>"; };
		226DE31229060FE2003D8E9D /* WineTests+Vineyard.swift */ = {isa = PBXFileReference; lastKnownFileType = sourcecode.swift; path = "WineTests+Vineyard.swift"; sourceTree = "<group>"; };
		226DE314290610C8003D8E9D /* WineTests+SmellDetails.swift */ = {isa = PBXFileReference; lastKnownFileType = sourcecode.swift; path = "WineTests+SmellDetails.swift"; sourceTree = "<group>"; };
		226DE3162906129C003D8E9D /* VisualDetailsService.swift */ = {isa = PBXFileReference; lastKnownFileType = sourcecode.swift; path = VisualDetailsService.swift; sourceTree = "<group>"; };
		226DE318290614E9003D8E9D /* VisualDetailsTests.swift */ = {isa = PBXFileReference; lastKnownFileType = sourcecode.swift; path = VisualDetailsTests.swift; sourceTree = "<group>"; };
		226DE31B29061C3A003D8E9D /* WineTests+VisualDetails.swift */ = {isa = PBXFileReference; lastKnownFileType = sourcecode.swift; path = "WineTests+VisualDetails.swift"; sourceTree = "<group>"; };
		22829738290442120081742D /* WineTastingBuilderModel.swift */ = {isa = PBXFileReference; lastKnownFileType = sourcecode.swift; path = WineTastingBuilderModel.swift; sourceTree = "<group>"; };
		2282973A290442630081742D /* FlightBuilderModel.swift */ = {isa = PBXFileReference; lastKnownFileType = sourcecode.swift; path = FlightBuilderModel.swift; sourceTree = "<group>"; };
		2282973D2904447E0081742D /* WineBuilder.swift */ = {isa = PBXFileReference; lastKnownFileType = sourcecode.swift; path = WineBuilder.swift; sourceTree = "<group>"; };
		22829750290451D10081742D /* VineyardBuilder.swift */ = {isa = PBXFileReference; lastKnownFileType = sourcecode.swift; path = VineyardBuilder.swift; sourceTree = "<group>"; };
		22829753290459D00081742D /* Launch Screen.storyboard */ = {isa = PBXFileReference; lastKnownFileType = file.storyboard; path = "Launch Screen.storyboard"; sourceTree = "<group>"; };
		2282975529045DCD0081742D /* FoodPairingBuilderModel.swift */ = {isa = PBXFileReference; lastKnownFileType = sourcecode.swift; path = FoodPairingBuilderModel.swift; sourceTree = "<group>"; };
		22A5533029085B1100153EDF /* WineTests+HourlyData.swift */ = {isa = PBXFileReference; lastKnownFileType = sourcecode.swift; path = "WineTests+HourlyData.swift"; sourceTree = "<group>"; };
		22A55332290863FB00153EDF /* DailyDataService.swift */ = {isa = PBXFileReference; lastKnownFileType = sourcecode.swift; path = DailyDataService.swift; sourceTree = "<group>"; };
		22A55335290865F000153EDF /* DailyDataTests.swift */ = {isa = PBXFileReference; lastKnownFileType = sourcecode.swift; path = DailyDataTests.swift; sourceTree = "<group>"; };
		22A55337290867D800153EDF /* WineTests+DailyData.swift */ = {isa = PBXFileReference; lastKnownFileType = sourcecode.swift; path = "WineTests+DailyData.swift"; sourceTree = "<group>"; };
		22A5533C29086A6700153EDF /* FlightService.swift */ = {isa = PBXFileReference; lastKnownFileType = sourcecode.swift; path = FlightService.swift; sourceTree = "<group>"; };
		22A5534029086B1D00153EDF /* FlightTests.swift */ = {isa = PBXFileReference; lastKnownFileType = sourcecode.swift; path = FlightTests.swift; sourceTree = "<group>"; };
		22A5534429086B8900153EDF /* FlightBuilder.swift */ = {isa = PBXFileReference; lastKnownFileType = sourcecode.swift; path = FlightBuilder.swift; sourceTree = "<group>"; };
		22A5534629086CEC00153EDF /* WineTastingBuilder.swift */ = {isa = PBXFileReference; lastKnownFileType = sourcecode.swift; path = WineTastingBuilder.swift; sourceTree = "<group>"; };
		22A5534829086FBE00153EDF /* WineTastingService.swift */ = {isa = PBXFileReference; lastKnownFileType = sourcecode.swift; path = WineTastingService.swift; sourceTree = "<group>"; };
		22A5534B2908701E00153EDF /* WineTastingTests.swift */ = {isa = PBXFileReference; lastKnownFileType = sourcecode.swift; path = WineTastingTests.swift; sourceTree = "<group>"; };
		22A5534F290871AA00153EDF /* WineTastingTests+Flight.swift */ = {isa = PBXFileReference; lastKnownFileType = sourcecode.swift; path = "WineTastingTests+Flight.swift"; sourceTree = "<group>"; };
		22A553512908750500153EDF /* FlightTests+Wine.swift */ = {isa = PBXFileReference; lastKnownFileType = sourcecode.swift; path = "FlightTests+Wine.swift"; sourceTree = "<group>"; };
		22A553552908A8E600153EDF /* CellarViewModelTests.swift */ = {isa = PBXFileReference; lastKnownFileType = sourcecode.swift; path = CellarViewModelTests.swift; sourceTree = "<group>"; };
		22A5536729097A4B00153EDF /* WineCollectionViewCell.swift */ = {isa = PBXFileReference; lastKnownFileType = sourcecode.swift; path = WineCollectionViewCell.swift; sourceTree = "<group>"; };
		22A553692909D64600153EDF /* SectionHeaderReusableView.swift */ = {isa = PBXFileReference; lastKnownFileType = sourcecode.swift; path = SectionHeaderReusableView.swift; sourceTree = "<group>"; };
		22B07FB829045F1F00312C34 /* CellarViewModel.swift */ = {isa = PBXFileReference; lastKnownFileType = sourcecode.swift; path = CellarViewModel.swift; sourceTree = "<group>"; };
		22B07FC22904B98800312C34 /* Wine_Cellar.xcdatamodel */ = {isa = PBXFileReference; lastKnownFileType = wrapper.xcdatamodel; path = Wine_Cellar.xcdatamodel; sourceTree = "<group>"; };
		22B07FC42904C8F100312C34 /* TestCoreDataStack.swift */ = {isa = PBXFileReference; lastKnownFileType = sourcecode.swift; path = TestCoreDataStack.swift; sourceTree = "<group>"; };
		22B07FC62904C94F00312C34 /* CoreDataStack.swift */ = {isa = PBXFileReference; lastKnownFileType = sourcecode.swift; path = CoreDataStack.swift; sourceTree = "<group>"; };
		22B07FC92904CC7600312C34 /* WineService.swift */ = {isa = PBXFileReference; lastKnownFileType = sourcecode.swift; path = WineService.swift; sourceTree = "<group>"; };
		22B07FCB2904D44600312C34 /* VisualDetailsBuilder.swift */ = {isa = PBXFileReference; lastKnownFileType = sourcecode.swift; path = VisualDetailsBuilder.swift; sourceTree = "<group>"; };
		22B07FCD2904D4FC00312C34 /* TasteDetailsBuilder.swift */ = {isa = PBXFileReference; lastKnownFileType = sourcecode.swift; path = TasteDetailsBuilder.swift; sourceTree = "<group>"; };
		22B07FCF2904D5E900312C34 /* SmellDetailsBuilder.swift */ = {isa = PBXFileReference; lastKnownFileType = sourcecode.swift; path = SmellDetailsBuilder.swift; sourceTree = "<group>"; };
		22B07FD32904D75500312C34 /* TastingNoteBuilder.swift */ = {isa = PBXFileReference; lastKnownFileType = sourcecode.swift; path = TastingNoteBuilder.swift; sourceTree = "<group>"; };
		22B07FD72904D86300312C34 /* PersonalDetailsBuilder.swift */ = {isa = PBXFileReference; lastKnownFileType = sourcecode.swift; path = PersonalDetailsBuilder.swift; sourceTree = "<group>"; };
		22B07FD92904D8D300312C34 /* HourlyDataBuilder.swift */ = {isa = PBXFileReference; lastKnownFileType = sourcecode.swift; path = HourlyDataBuilder.swift; sourceTree = "<group>"; };
		22B07FDB2904DA3600312C34 /* DailyDataBuilder.swift */ = {isa = PBXFileReference; lastKnownFileType = sourcecode.swift; path = DailyDataBuilder.swift; sourceTree = "<group>"; };
		22B07FDF2904DC4E00312C34 /* FoodPairingBuilder.swift */ = {isa = PBXFileReference; lastKnownFileType = sourcecode.swift; path = FoodPairingBuilder.swift; sourceTree = "<group>"; };
		22B07FE52905BC5A00312C34 /* VineyardTests.swift */ = {isa = PBXFileReference; lastKnownFileType = sourcecode.swift; path = VineyardTests.swift; sourceTree = "<group>"; };
		22B07FE72905BCA700312C34 /* VineyardService.swift */ = {isa = PBXFileReference; lastKnownFileType = sourcecode.swift; path = VineyardService.swift; sourceTree = "<group>"; };
		22B07FE92905FE1500312C34 /* SmellDetailsServices.swift */ = {isa = PBXFileReference; lastKnownFileType = sourcecode.swift; path = SmellDetailsServices.swift; sourceTree = "<group>"; };
		22B07FEC2905FF5400312C34 /* SmellDetailsTests.swift */ = {isa = PBXFileReference; lastKnownFileType = sourcecode.swift; path = SmellDetailsTests.swift; sourceTree = "<group>"; };
		22C9D52E290745CB001DB138 /* TasteDetailsService.swift */ = {isa = PBXFileReference; lastKnownFileType = sourcecode.swift; path = TasteDetailsService.swift; sourceTree = "<group>"; };
		22C9D531290747A9001DB138 /* TasteDetailsTests.swift */ = {isa = PBXFileReference; lastKnownFileType = sourcecode.swift; path = TasteDetailsTests.swift; sourceTree = "<group>"; };
		22C9D533290759E5001DB138 /* WineTests+TasteDetails.swift */ = {isa = PBXFileReference; lastKnownFileType = sourcecode.swift; path = "WineTests+TasteDetails.swift"; sourceTree = "<group>"; };
		22C9D53529075E2B001DB138 /* TastingNotesService.swift */ = {isa = PBXFileReference; lastKnownFileType = sourcecode.swift; path = TastingNotesService.swift; sourceTree = "<group>"; };
		22C9D53829076787001DB138 /* TastingNoteTests.swift */ = {isa = PBXFileReference; lastKnownFileType = sourcecode.swift; path = TastingNoteTests.swift; sourceTree = "<group>"; };
		22C9D53A290792DA001DB138 /* WineTests+TastingNotes.swift */ = {isa = PBXFileReference; lastKnownFileType = sourcecode.swift; path = "WineTests+TastingNotes.swift"; sourceTree = "<group>"; };
		22E8067129031187006E0629 /* Wine Cellar.app */ = {isa = PBXFileReference; explicitFileType = wrapper.application; includeInIndex = 0; path = "Wine Cellar.app"; sourceTree = BUILT_PRODUCTS_DIR; };
		22E8067429031187006E0629 /* AppDelegate.swift */ = {isa = PBXFileReference; lastKnownFileType = sourcecode.swift; path = AppDelegate.swift; sourceTree = "<group>"; };
		22E8067629031187006E0629 /* SceneDelegate.swift */ = {isa = PBXFileReference; lastKnownFileType = sourcecode.swift; path = SceneDelegate.swift; sourceTree = "<group>"; };
		22E8067829031187006E0629 /* CellarViewController.swift */ = {isa = PBXFileReference; lastKnownFileType = sourcecode.swift; path = CellarViewController.swift; sourceTree = "<group>"; };
		22E8067D29031188006E0629 /* Assets.xcassets */ = {isa = PBXFileReference; lastKnownFileType = folder.assetcatalog; path = Assets.xcassets; sourceTree = "<group>"; };
		22E8068229031188006E0629 /* Info.plist */ = {isa = PBXFileReference; lastKnownFileType = text.plist.xml; name = Info.plist; path = "Wine Cellar/Supporting Files/Info.plist"; sourceTree = SOURCE_ROOT; };
		22E8068729031188006E0629 /* Wine CellarTests.xctest */ = {isa = PBXFileReference; explicitFileType = wrapper.cfbundle; includeInIndex = 0; path = "Wine CellarTests.xctest"; sourceTree = BUILT_PRODUCTS_DIR; };
		22E8068B29031188006E0629 /* WineTests.swift */ = {isa = PBXFileReference; lastKnownFileType = sourcecode.swift; path = WineTests.swift; sourceTree = "<group>"; };
		22E8069129031188006E0629 /* Wine CellarUITests.xctest */ = {isa = PBXFileReference; explicitFileType = wrapper.cfbundle; includeInIndex = 0; path = "Wine CellarUITests.xctest"; sourceTree = BUILT_PRODUCTS_DIR; };
		22E8069529031188006E0629 /* Wine_CellarUITests.swift */ = {isa = PBXFileReference; lastKnownFileType = sourcecode.swift; path = Wine_CellarUITests.swift; sourceTree = "<group>"; };
		22E8069729031188006E0629 /* Wine_CellarUITestsLaunchTests.swift */ = {isa = PBXFileReference; lastKnownFileType = sourcecode.swift; path = Wine_CellarUITestsLaunchTests.swift; sourceTree = "<group>"; };
		22E806A529031233006E0629 /* HomeTabBarController.swift */ = {isa = PBXFileReference; lastKnownFileType = sourcecode.swift; path = HomeTabBarController.swift; sourceTree = "<group>"; };
		22FB7FCD290328C30058F90B /* WineBuilderModel.swift */ = {isa = PBXFileReference; lastKnownFileType = sourcecode.swift; path = WineBuilderModel.swift; sourceTree = "<group>"; };
		22FB7FD0290329BA0058F90B /* TasteDetailsBuilderModel.swift */ = {isa = PBXFileReference; lastKnownFileType = sourcecode.swift; path = TasteDetailsBuilderModel.swift; sourceTree = "<group>"; };
		22FB7FD2290329C40058F90B /* PersonalDetailsBuilderModel.swift */ = {isa = PBXFileReference; lastKnownFileType = sourcecode.swift; path = PersonalDetailsBuilderModel.swift; sourceTree = "<group>"; };
		22FB7FD429032A370058F90B /* SmellDetailsBuilderModel.swift */ = {isa = PBXFileReference; lastKnownFileType = sourcecode.swift; path = SmellDetailsBuilderModel.swift; sourceTree = "<group>"; };
		22FB7FD629032A470058F90B /* VisualDetailsBuilderModel.swift */ = {isa = PBXFileReference; lastKnownFileType = sourcecode.swift; path = VisualDetailsBuilderModel.swift; sourceTree = "<group>"; };
		22FB7FD829032A620058F90B /* TastingNoteBuilderModel.swift */ = {isa = PBXFileReference; lastKnownFileType = sourcecode.swift; path = TastingNoteBuilderModel.swift; sourceTree = "<group>"; };
		22FB7FDA290359950058F90B /* VineyardBuilderModel.swift */ = {isa = PBXFileReference; lastKnownFileType = sourcecode.swift; path = VineyardBuilderModel.swift; sourceTree = "<group>"; };
		22FB7FE12903728C0058F90B /* Constants.swift */ = {isa = PBXFileReference; lastKnownFileType = sourcecode.swift; path = Constants.swift; sourceTree = "<group>"; };
		22FB7FE3290373DE0058F90B /* HourlyDataBuilderModel.swift */ = {isa = PBXFileReference; lastKnownFileType = sourcecode.swift; path = HourlyDataBuilderModel.swift; sourceTree = "<group>"; };
		22FB7FE629037EB70058F90B /* DummyWeatherData.json */ = {isa = PBXFileReference; fileEncoding = 4; lastKnownFileType = text.json; path = DummyWeatherData.json; sourceTree = "<group>"; };
		22FB7FED2903A1040058F90B /* FlightAttendantViewController.swift */ = {isa = PBXFileReference; lastKnownFileType = sourcecode.swift; path = FlightAttendantViewController.swift; sourceTree = "<group>"; };
		22FB7FEF2903A17D0058F90B /* PastTastingsViewController.swift */ = {isa = PBXFileReference; lastKnownFileType = sourcecode.swift; path = PastTastingsViewController.swift; sourceTree = "<group>"; };
		22FB7FF12903A1890058F90B /* SettingsViewController.swift */ = {isa = PBXFileReference; lastKnownFileType = sourcecode.swift; path = SettingsViewController.swift; sourceTree = "<group>"; };
		22FB7FF42903AB160058F90B /* Extensions.swift */ = {isa = PBXFileReference; lastKnownFileType = sourcecode.swift; path = Extensions.swift; sourceTree = "<group>"; };
/* End PBXFileReference section */

/* Begin PBXFrameworksBuildPhase section */
		22E8066E29031187006E0629 /* Frameworks */ = {
			isa = PBXFrameworksBuildPhase;
			buildActionMask = 2147483647;
			files = (
				22FB7FDF2903697C0058F90B /* PureLayout in Frameworks */,
			);
			runOnlyForDeploymentPostprocessing = 0;
		};
		22E8068429031188006E0629 /* Frameworks */ = {
			isa = PBXFrameworksBuildPhase;
			buildActionMask = 2147483647;
			files = (
				22B07FBE290461AE00312C34 /* PureLayout in Frameworks */,
			);
			runOnlyForDeploymentPostprocessing = 0;
		};
		22E8068E29031188006E0629 /* Frameworks */ = {
			isa = PBXFrameworksBuildPhase;
			buildActionMask = 2147483647;
			files = (
			);
			runOnlyForDeploymentPostprocessing = 0;
		};
/* End PBXFrameworksBuildPhase section */

/* Begin PBXGroup section */
		2211F5C0290620D300335D11 /* Test Services */ = {
			isa = PBXGroup;
			children = (
				22B07FC42904C8F100312C34 /* TestCoreDataStack.swift */,
			);
			path = "Test Services";
			sourceTree = "<group>";
		};
		22392502290829DA00BC92D4 /* Test Cases */ = {
			isa = PBXGroup;
			children = (
				22A553542908A8D600153EDF /* View Models */,
				22A553532908A8CC00153EDF /* Core Data */,
			);
			path = "Test Cases";
			sourceTree = "<group>";
		};
		22392507290832F000BC92D4 /* PersonalDetails Tests */ = {
			isa = PBXGroup;
			children = (
				223925082908330A00BC92D4 /* PersonalDetailsTests.swift */,
			);
			path = "PersonalDetails Tests";
			sourceTree = "<group>";
		};
		2239250C290845C800BC92D4 /* FoodPairing Tests */ = {
			isa = PBXGroup;
			children = (
				2239250D290845DC00BC92D4 /* FoodPairingTests.swift */,
			);
			path = "FoodPairing Tests";
			sourceTree = "<group>";
		};
		223925152908545600BC92D4 /* HourlyData Tests */ = {
			isa = PBXGroup;
			children = (
				223925162908546100BC92D4 /* HourlyDataTests.swift */,
			);
			path = "HourlyData Tests";
			sourceTree = "<group>";
		};
		226DE31A290614F4003D8E9D /* VisualDetails Tests */ = {
			isa = PBXGroup;
			children = (
				226DE318290614E9003D8E9D /* VisualDetailsTests.swift */,
			);
			path = "VisualDetails Tests";
			sourceTree = "<group>";
		};
		22829736290441FD0081742D /* Wine */ = {
			isa = PBXGroup;
			children = (
				22392513290850BC00BC92D4 /* DailyDataBuilderModel.swift */,
				2282975529045DCD0081742D /* FoodPairingBuilderModel.swift */,
				22FB7FE3290373DE0058F90B /* HourlyDataBuilderModel.swift */,
				22FB7FD2290329C40058F90B /* PersonalDetailsBuilderModel.swift */,
				22FB7FD429032A370058F90B /* SmellDetailsBuilderModel.swift */,
				22FB7FD0290329BA0058F90B /* TasteDetailsBuilderModel.swift */,
				22FB7FD829032A620058F90B /* TastingNoteBuilderModel.swift */,
				22FB7FDA290359950058F90B /* VineyardBuilderModel.swift */,
				22FB7FD629032A470058F90B /* VisualDetailsBuilderModel.swift */,
				22FB7FCD290328C30058F90B /* WineBuilderModel.swift */,
			);
			path = Wine;
			sourceTree = "<group>";
		};
		22829737290442060081742D /* Tasting */ = {
			isa = PBXGroup;
			children = (
				2282973A290442630081742D /* FlightBuilderModel.swift */,
				22829738290442120081742D /* WineTastingBuilderModel.swift */,
			);
			name = Tasting;
			sourceTree = "<group>";
		};
		2282973C2904446F0081742D /* Builder Files */ = {
			isa = PBXGroup;
			children = (
				22A5534329086B8000153EDF /* Tasting */,
				22A5534229086B7800153EDF /* Wine */,
			);
			path = "Builder Files";
			sourceTree = "<group>";
		};
		22829752290455430081742D /* Dummy Data */ = {
			isa = PBXGroup;
			children = (
				22FB7FE629037EB70058F90B /* DummyWeatherData.json */,
			);
			path = "Dummy Data";
			sourceTree = "<group>";
		};
		22A55334290865D800153EDF /* DailyData Tests */ = {
			isa = PBXGroup;
			children = (
				22A55335290865F000153EDF /* DailyDataTests.swift */,
			);
			path = "DailyData Tests";
			sourceTree = "<group>";
		};
		22A5533A29086A4300153EDF /* Wine */ = {
			isa = PBXGroup;
			children = (
				22A55332290863FB00153EDF /* DailyDataService.swift */,
				2239250A29083CCE00BC92D4 /* FoodPairingService.swift */,
				2239251129084F8A00BC92D4 /* HourlyDataService.swift */,
				2239250329082C5300BC92D4 /* PersonalDetailsService.swift */,
				22B07FE92905FE1500312C34 /* SmellDetailsServices.swift */,
				22C9D52E290745CB001DB138 /* TasteDetailsService.swift */,
				22C9D53529075E2B001DB138 /* TastingNotesService.swift */,
				22B07FE72905BCA700312C34 /* VineyardService.swift */,
				226DE3162906129C003D8E9D /* VisualDetailsService.swift */,
				22B07FC92904CC7600312C34 /* WineService.swift */,
			);
			path = Wine;
			sourceTree = "<group>";
		};
		22A5533B29086A4D00153EDF /* Tasting */ = {
			isa = PBXGroup;
			children = (
				22A5533C29086A6700153EDF /* FlightService.swift */,
				22A5534829086FBE00153EDF /* WineTastingService.swift */,
			);
			path = Tasting;
			sourceTree = "<group>";
		};
		22A5533E29086B0600153EDF /* Wine */ = {
			isa = PBXGroup;
			children = (
				22A55334290865D800153EDF /* DailyData Tests */,
				2239250C290845C800BC92D4 /* FoodPairing Tests */,
				223925152908545600BC92D4 /* HourlyData Tests */,
				22392507290832F000BC92D4 /* PersonalDetails Tests */,
				22B07FEB2905FF4000312C34 /* SmellDetails Tests */,
				22C9D53029074796001DB138 /* TasteDetails Tests */,
				22C9D53729076751001DB138 /* TastingNotes Tests */,
				22B07FE42905BC0D00312C34 /* Vineyard Tests */,
				226DE31A290614F4003D8E9D /* VisualDetails Tests */,
				22B07FE32905BBFD00312C34 /* Wine Tests */,
			);
			path = Wine;
			sourceTree = "<group>";
		};
		22A5533F29086B1300153EDF /* Tasting */ = {
			isa = PBXGroup;
			children = (
				22A5534D2908713600153EDF /* Flight Tests */,
				22A5534E2908714000153EDF /* WineTasting Tests */,
			);
			path = Tasting;
			sourceTree = "<group>";
		};
		22A5534229086B7800153EDF /* Wine */ = {
			isa = PBXGroup;
			children = (
				22B07FDB2904DA3600312C34 /* DailyDataBuilder.swift */,
				22B07FDF2904DC4E00312C34 /* FoodPairingBuilder.swift */,
				22B07FD92904D8D300312C34 /* HourlyDataBuilder.swift */,
				22B07FD72904D86300312C34 /* PersonalDetailsBuilder.swift */,
				22B07FCF2904D5E900312C34 /* SmellDetailsBuilder.swift */,
				22B07FCD2904D4FC00312C34 /* TasteDetailsBuilder.swift */,
				22B07FD32904D75500312C34 /* TastingNoteBuilder.swift */,
				22829750290451D10081742D /* VineyardBuilder.swift */,
				22B07FCB2904D44600312C34 /* VisualDetailsBuilder.swift */,
				2282973D2904447E0081742D /* WineBuilder.swift */,
			);
			path = Wine;
			sourceTree = "<group>";
		};
		22A5534329086B8000153EDF /* Tasting */ = {
			isa = PBXGroup;
			children = (
				22A5534429086B8900153EDF /* FlightBuilder.swift */,
				22A5534629086CEC00153EDF /* WineTastingBuilder.swift */,
			);
			path = Tasting;
			sourceTree = "<group>";
		};
		22A5534D2908713600153EDF /* Flight Tests */ = {
			isa = PBXGroup;
			children = (
				22A5534029086B1D00153EDF /* FlightTests.swift */,
				22A553512908750500153EDF /* FlightTests+Wine.swift */,
			);
			path = "Flight Tests";
			sourceTree = "<group>";
		};
		22A5534E2908714000153EDF /* WineTasting Tests */ = {
			isa = PBXGroup;
			children = (
				22A5534B2908701E00153EDF /* WineTastingTests.swift */,
				22A5534F290871AA00153EDF /* WineTastingTests+Flight.swift */,
			);
			path = "WineTasting Tests";
			sourceTree = "<group>";
		};
		22A553532908A8CC00153EDF /* Core Data */ = {
			isa = PBXGroup;
			children = (
				22A5533F29086B1300153EDF /* Tasting */,
				22A5533E29086B0600153EDF /* Wine */,
			);
			path = "Core Data";
			sourceTree = "<group>";
		};
		22A553542908A8D600153EDF /* View Models */ = {
			isa = PBXGroup;
			children = (
				22A553552908A8E600153EDF /* CellarViewModelTests.swift */,
			);
			path = "View Models";
			sourceTree = "<group>";
		};
		22B07FB729045F0300312C34 /* View Models */ = {
			isa = PBXGroup;
			children = (
				22B07FB829045F1F00312C34 /* CellarViewModel.swift */,
			);
			path = "View Models";
			sourceTree = "<group>";
		};
		22B07FBC290461AE00312C34 /* Frameworks */ = {
			isa = PBXGroup;
			children = (
			);
			name = Frameworks;
			sourceTree = "<group>";
		};
		22B07FC82904CC6400312C34 /* Services */ = {
			isa = PBXGroup;
			children = (
				22B07FC62904C94F00312C34 /* CoreDataStack.swift */,
				22A5533B29086A4D00153EDF /* Tasting */,
				22A5533A29086A4300153EDF /* Wine */,
			);
			path = Services;
			sourceTree = "<group>";
		};
		22B07FE32905BBFD00312C34 /* Wine Tests */ = {
			isa = PBXGroup;
			children = (
				22E8068B29031188006E0629 /* WineTests.swift */,
				226DE31229060FE2003D8E9D /* WineTests+Vineyard.swift */,
				226DE314290610C8003D8E9D /* WineTests+SmellDetails.swift */,
				226DE31B29061C3A003D8E9D /* WineTests+VisualDetails.swift */,
				22C9D533290759E5001DB138 /* WineTests+TasteDetails.swift */,
				22C9D53A290792DA001DB138 /* WineTests+TastingNotes.swift */,
				2239250529082EF500BC92D4 /* WineTests+PersonalDetails.swift */,
				2239250F290848D400BC92D4 /* WineTests+FoodPairing.swift */,
				22A5533029085B1100153EDF /* WineTests+HourlyData.swift */,
				22A55337290867D800153EDF /* WineTests+DailyData.swift */,
			);
			path = "Wine Tests";
			sourceTree = "<group>";
		};
		22B07FE42905BC0D00312C34 /* Vineyard Tests */ = {
			isa = PBXGroup;
			children = (
				22B07FE52905BC5A00312C34 /* VineyardTests.swift */,
			);
			path = "Vineyard Tests";
			sourceTree = "<group>";
		};
		22B07FEB2905FF4000312C34 /* SmellDetails Tests */ = {
			isa = PBXGroup;
			children = (
				22B07FEC2905FF5400312C34 /* SmellDetailsTests.swift */,
			);
			path = "SmellDetails Tests";
			sourceTree = "<group>";
		};
		22C9D53029074796001DB138 /* TasteDetails Tests */ = {
			isa = PBXGroup;
			children = (
				22C9D531290747A9001DB138 /* TasteDetailsTests.swift */,
			);
			path = "TasteDetails Tests";
			sourceTree = "<group>";
		};
		22C9D53729076751001DB138 /* TastingNotes Tests */ = {
			isa = PBXGroup;
			children = (
				22C9D53829076787001DB138 /* TastingNoteTests.swift */,
			);
			path = "TastingNotes Tests";
			sourceTree = "<group>";
		};
		22E8066829031187006E0629 = {
			isa = PBXGroup;
			children = (
				22E8067329031187006E0629 /* Wine Cellar */,
				22E8068A29031188006E0629 /* Wine Cellar Tests */,
				22E8069429031188006E0629 /* Wine CellarUITests */,
				22E8067229031187006E0629 /* Products */,
				22B07FBC290461AE00312C34 /* Frameworks */,
			);
			sourceTree = "<group>";
		};
		22E8067229031187006E0629 /* Products */ = {
			isa = PBXGroup;
			children = (
				22E8067129031187006E0629 /* Wine Cellar.app */,
				22E8068729031188006E0629 /* Wine CellarTests.xctest */,
				22E8069129031188006E0629 /* Wine CellarUITests.xctest */,
			);
			name = Products;
			sourceTree = "<group>";
		};
		22E8067329031187006E0629 /* Wine Cellar */ = {
			isa = PBXGroup;
			children = (
				22E806A4290311FB006E0629 /* View Controllers */,
				22B07FB729045F0300312C34 /* View Models */,
				22FB7FE829037FC80058F90B /* Views */,
				22B07FC82904CC6400312C34 /* Services */,
				22FB7FE0290372800058F90B /* Supporting Files */,
				22FB7FF32903AB0F0058F90B /* Utilities */,
				22E8067429031187006E0629 /* AppDelegate.swift */,
				22E8067629031187006E0629 /* SceneDelegate.swift */,
				22B07FC12904B98800312C34 /* Wine_Cellar.xcdatamodeld */,
			);
			path = "Wine Cellar";
			sourceTree = "<group>";
		};
		22E8068A29031188006E0629 /* Wine Cellar Tests */ = {
			isa = PBXGroup;
			children = (
				22FB7FCF290328C80058F90B /* Builder Models */,
				2282973C2904446F0081742D /* Builder Files */,
				22829752290455430081742D /* Dummy Data */,
				2211F5C0290620D300335D11 /* Test Services */,
				22392502290829DA00BC92D4 /* Test Cases */,
			);
			path = "Wine Cellar Tests";
			sourceTree = "<group>";
		};
		22E8069429031188006E0629 /* Wine CellarUITests */ = {
			isa = PBXGroup;
			children = (
				22E8069529031188006E0629 /* Wine_CellarUITests.swift */,
				22E8069729031188006E0629 /* Wine_CellarUITestsLaunchTests.swift */,
			);
			path = "Wine CellarUITests";
			sourceTree = "<group>";
		};
		22E806A4290311FB006E0629 /* View Controllers */ = {
			isa = PBXGroup;
			children = (
				22E8067829031187006E0629 /* CellarViewController.swift */,
				22FB7FED2903A1040058F90B /* FlightAttendantViewController.swift */,
				22E806A529031233006E0629 /* HomeTabBarController.swift */,
				22FB7FEF2903A17D0058F90B /* PastTastingsViewController.swift */,
				22FB7FF12903A1890058F90B /* SettingsViewController.swift */,
			);
			path = "View Controllers";
			sourceTree = "<group>";
		};
		22FB7FCF290328C80058F90B /* Builder Models */ = {
			isa = PBXGroup;
			children = (
				22829737290442060081742D /* Tasting */,
				22829736290441FD0081742D /* Wine */,
			);
			path = "Builder Models";
			sourceTree = "<group>";
		};
		22FB7FE0290372800058F90B /* Supporting Files */ = {
			isa = PBXGroup;
			children = (
				22E8067D29031188006E0629 /* Assets.xcassets */,
				22FB7FE12903728C0058F90B /* Constants.swift */,
				22E8068229031188006E0629 /* Info.plist */,
			);
			path = "Supporting Files";
			sourceTree = "<group>";
		};
		22FB7FE829037FC80058F90B /* Views */ = {
			isa = PBXGroup;
			children = (
				22829753290459D00081742D /* Launch Screen.storyboard */,
				22A5536729097A4B00153EDF /* WineCollectionViewCell.swift */,
				22A553692909D64600153EDF /* SectionHeaderReusableView.swift */,
			);
			path = Views;
			sourceTree = "<group>";
		};
		22FB7FF32903AB0F0058F90B /* Utilities */ = {
			isa = PBXGroup;
			children = (
				22FB7FF42903AB160058F90B /* Extensions.swift */,
			);
			path = Utilities;
			sourceTree = "<group>";
		};
/* End PBXGroup section */

/* Begin PBXNativeTarget section */
		22E8067029031187006E0629 /* Wine Cellar */ = {
			isa = PBXNativeTarget;
			buildConfigurationList = 22E8069B29031188006E0629 /* Build configuration list for PBXNativeTarget "Wine Cellar" */;
			buildPhases = (
				22E8066D29031187006E0629 /* Sources */,
				22E8066E29031187006E0629 /* Frameworks */,
				22E8066F29031187006E0629 /* Resources */,
			);
			buildRules = (
			);
			dependencies = (
			);
			name = "Wine Cellar";
			packageProductDependencies = (
				22FB7FDE2903697C0058F90B /* PureLayout */,
			);
			productName = "Wine Cellar";
			productReference = 22E8067129031187006E0629 /* Wine Cellar.app */;
			productType = "com.apple.product-type.application";
		};
		22E8068629031188006E0629 /* Wine CellarTests */ = {
			isa = PBXNativeTarget;
			buildConfigurationList = 22E8069E29031188006E0629 /* Build configuration list for PBXNativeTarget "Wine CellarTests" */;
			buildPhases = (
				22E8068329031188006E0629 /* Sources */,
				22E8068429031188006E0629 /* Frameworks */,
				22E8068529031188006E0629 /* Resources */,
			);
			buildRules = (
			);
			dependencies = (
				22B07FBB2904617000312C34 /* PBXTargetDependency */,
				22E8068929031188006E0629 /* PBXTargetDependency */,
			);
			name = "Wine CellarTests";
			packageProductDependencies = (
				22B07FBD290461AE00312C34 /* PureLayout */,
			);
			productName = "Wine CellarTests";
			productReference = 22E8068729031188006E0629 /* Wine CellarTests.xctest */;
			productType = "com.apple.product-type.bundle.unit-test";
		};
		22E8069029031188006E0629 /* Wine CellarUITests */ = {
			isa = PBXNativeTarget;
			buildConfigurationList = 22E806A129031188006E0629 /* Build configuration list for PBXNativeTarget "Wine CellarUITests" */;
			buildPhases = (
				22E8068D29031188006E0629 /* Sources */,
				22E8068E29031188006E0629 /* Frameworks */,
				22E8068F29031188006E0629 /* Resources */,
			);
			buildRules = (
			);
			dependencies = (
				22E8069329031188006E0629 /* PBXTargetDependency */,
			);
			name = "Wine CellarUITests";
			productName = "Wine CellarUITests";
			productReference = 22E8069129031188006E0629 /* Wine CellarUITests.xctest */;
			productType = "com.apple.product-type.bundle.ui-testing";
		};
/* End PBXNativeTarget section */

/* Begin PBXProject section */
		22E8066929031187006E0629 /* Project object */ = {
			isa = PBXProject;
			attributes = {
				BuildIndependentTargetsInParallel = 1;
				LastSwiftUpdateCheck = 1400;
				LastUpgradeCheck = 1400;
				TargetAttributes = {
					22E8067029031187006E0629 = {
						CreatedOnToolsVersion = 14.0.1;
					};
					22E8068629031188006E0629 = {
						CreatedOnToolsVersion = 14.0.1;
						TestTargetID = 22E8067029031187006E0629;
					};
					22E8069029031188006E0629 = {
						CreatedOnToolsVersion = 14.0.1;
						TestTargetID = 22E8067029031187006E0629;
					};
				};
			};
			buildConfigurationList = 22E8066C29031187006E0629 /* Build configuration list for PBXProject "Wine Cellar" */;
			compatibilityVersion = "Xcode 14.0";
			developmentRegion = en;
			hasScannedForEncodings = 0;
			knownRegions = (
				en,
				Base,
			);
			mainGroup = 22E8066829031187006E0629;
			packageReferences = (
				22FB7FDD2903697C0058F90B /* XCRemoteSwiftPackageReference "PureLayout" */,
			);
			productRefGroup = 22E8067229031187006E0629 /* Products */;
			projectDirPath = "";
			projectRoot = "";
			targets = (
				22E8067029031187006E0629 /* Wine Cellar */,
				22E8068629031188006E0629 /* Wine CellarTests */,
				22E8069029031188006E0629 /* Wine CellarUITests */,
			);
		};
/* End PBXProject section */

/* Begin PBXResourcesBuildPhase section */
		22E8066F29031187006E0629 /* Resources */ = {
			isa = PBXResourcesBuildPhase;
			buildActionMask = 2147483647;
			files = (
				22829754290459D00081742D /* Launch Screen.storyboard in Resources */,
				22E8067E29031188006E0629 /* Assets.xcassets in Resources */,
				22FB7FE729037EB70058F90B /* DummyWeatherData.json in Resources */,
			);
			runOnlyForDeploymentPostprocessing = 0;
		};
		22E8068529031188006E0629 /* Resources */ = {
			isa = PBXResourcesBuildPhase;
			buildActionMask = 2147483647;
			files = (
			);
			runOnlyForDeploymentPostprocessing = 0;
		};
		22E8068F29031188006E0629 /* Resources */ = {
			isa = PBXResourcesBuildPhase;
			buildActionMask = 2147483647;
			files = (
			);
			runOnlyForDeploymentPostprocessing = 0;
		};
/* End PBXResourcesBuildPhase section */

/* Begin PBXSourcesBuildPhase section */
		22E8066D29031187006E0629 /* Sources */ = {
			isa = PBXSourcesBuildPhase;
			buildActionMask = 2147483647;
			files = (
				22B07FEA2905FE1500312C34 /* SmellDetailsServices.swift in Sources */,
				22FB7FD529032A370058F90B /* SmellDetailsBuilderModel.swift in Sources */,
				22B07FC72904C94F00312C34 /* CoreDataStack.swift in Sources */,
				22FB7FF52903AB160058F90B /* Extensions.swift in Sources */,
				2282975629045DCD0081742D /* FoodPairingBuilderModel.swift in Sources */,
				22A5535F2908B20200153EDF /* VisualDetailsBuilder.swift in Sources */,
				22A553602908B20200153EDF /* HourlyDataBuilder.swift in Sources */,
				22FB7FD729032A470058F90B /* VisualDetailsBuilderModel.swift in Sources */,
				22A5535A2908B20200153EDF /* TasteDetailsBuilder.swift in Sources */,
				22A5534729086CEC00153EDF /* WineTastingBuilder.swift in Sources */,
				22B07FB929045F1F00312C34 /* CellarViewModel.swift in Sources */,
				22829739290442120081742D /* WineTastingBuilderModel.swift in Sources */,
				2239250429082C5300BC92D4 /* PersonalDetailsService.swift in Sources */,
				22E8067929031187006E0629 /* CellarViewController.swift in Sources */,
				22FB7FD1290329BA0058F90B /* TasteDetailsBuilderModel.swift in Sources */,
				22FB7FCE290328C30058F90B /* WineBuilderModel.swift in Sources */,
				22A5535E2908B20200153EDF /* TastingNoteBuilder.swift in Sources */,
				22A553572908B15E00153EDF /* WineBuilder.swift in Sources */,
				22FB7FD929032A620058F90B /* TastingNoteBuilderModel.swift in Sources */,
				22C9D52F290745CB001DB138 /* TasteDetailsService.swift in Sources */,
				22A5535B2908B20200153EDF /* PersonalDetailsBuilder.swift in Sources */,
				2239251229084F8A00BC92D4 /* HourlyDataService.swift in Sources */,
				22B07FC32904B98800312C34 /* Wine_Cellar.xcdatamodeld in Sources */,
				22A5534929086FBE00153EDF /* WineTastingService.swift in Sources */,
				22B07FE82905BCA700312C34 /* VineyardService.swift in Sources */,
				22FB7FDB290359950058F90B /* VineyardBuilderModel.swift in Sources */,
				22A5536A2909D64600153EDF /* SectionHeaderReusableView.swift in Sources */,
				22E8067529031187006E0629 /* AppDelegate.swift in Sources */,
				22E806A629031233006E0629 /* HomeTabBarController.swift in Sources */,
				2239250B29083CCE00BC92D4 /* FoodPairingService.swift in Sources */,
				22FB7FD3290329C40058F90B /* PersonalDetailsBuilderModel.swift in Sources */,
				22B07FCA2904CC7600312C34 /* WineService.swift in Sources */,
				22A55333290863FB00153EDF /* DailyDataService.swift in Sources */,
				22FB7FEE2903A1040058F90B /* FlightAttendantViewController.swift in Sources */,
				22E8067729031187006E0629 /* SceneDelegate.swift in Sources */,
				22A5535D2908B20200153EDF /* FoodPairingBuilder.swift in Sources */,
				22A553582908B20200153EDF /* DailyDataBuilder.swift in Sources */,
				2282973B290442630081742D /* FlightBuilderModel.swift in Sources */,
				22FB7FF22903A1890058F90B /* SettingsViewController.swift in Sources */,
				22FB7FE22903728C0058F90B /* Constants.swift in Sources */,
				226DE3172906129C003D8E9D /* VisualDetailsService.swift in Sources */,
				22FB7FF02903A17D0058F90B /* PastTastingsViewController.swift in Sources */,
				22A5534529086B8900153EDF /* FlightBuilder.swift in Sources */,
				22A5535C2908B20200153EDF /* SmellDetailsBuilder.swift in Sources */,
				22A5536829097A4B00153EDF /* WineCollectionViewCell.swift in Sources */,
				22FB7FE4290373DE0058F90B /* HourlyDataBuilderModel.swift in Sources */,
				22C9D53629075E2B001DB138 /* TastingNotesService.swift in Sources */,
				22392514290850BC00BC92D4 /* DailyDataBuilderModel.swift in Sources */,
				22A553592908B20200153EDF /* VineyardBuilder.swift in Sources */,
				22A5533D29086A6700153EDF /* FlightService.swift in Sources */,
			);
			runOnlyForDeploymentPostprocessing = 0;
		};
		22E8068329031188006E0629 /* Sources */ = {
			isa = PBXSourcesBuildPhase;
			buildActionMask = 2147483647;
			files = (
				22C9D532290747A9001DB138 /* TasteDetailsTests.swift in Sources */,
				226DE319290614E9003D8E9D /* VisualDetailsTests.swift in Sources */,
				22B07FD42904D75500312C34 /* TastingNoteBuilder.swift in Sources */,
				22C9D53B290792DA001DB138 /* WineTests+TastingNotes.swift in Sources */,
				22A5533129085B1100153EDF /* WineTests+HourlyData.swift in Sources */,
				2282973E2904447E0081742D /* WineBuilder.swift in Sources */,
				226DE31329060FE2003D8E9D /* WineTests+Vineyard.swift in Sources */,
				22A553562908A8E600153EDF /* CellarViewModelTests.swift in Sources */,
				22B07FED2905FF5400312C34 /* SmellDetailsTests.swift in Sources */,
				22B07FE02904DC4E00312C34 /* FoodPairingBuilder.swift in Sources */,
				223925172908546100BC92D4 /* HourlyDataTests.swift in Sources */,
				22829751290451D10081742D /* VineyardBuilder.swift in Sources */,
				22B07FD02904D5E900312C34 /* SmellDetailsBuilder.swift in Sources */,
				22B07FE62905BC5A00312C34 /* VineyardTests.swift in Sources */,
				2282975729045E090081742D /* FoodPairingBuilderModel.swift in Sources */,
				226DE315290610C8003D8E9D /* WineTests+SmellDetails.swift in Sources */,
				22829746290448C00081742D /* WineTastingBuilderModel.swift in Sources */,
				2282974B290448C30081742D /* WineBuilderModel.swift in Sources */,
				22A5534129086B1D00153EDF /* FlightTests.swift in Sources */,
				22A5534C2908701E00153EDF /* WineTastingTests.swift in Sources */,
				22B07FD82904D86300312C34 /* PersonalDetailsBuilder.swift in Sources */,
				2239250629082EF500BC92D4 /* WineTests+PersonalDetails.swift in Sources */,
				22392510290848D400BC92D4 /* WineTests+FoodPairing.swift in Sources */,
				22829749290448C30081742D /* TastingNoteBuilderModel.swift in Sources */,
				22B07FCE2904D4FC00312C34 /* TasteDetailsBuilder.swift in Sources */,
				22C9D53929076787001DB138 /* TastingNoteTests.swift in Sources */,
				22A55338290867D800153EDF /* WineTests+DailyData.swift in Sources */,
				22C9D534290759E5001DB138 /* WineTests+TasteDetails.swift in Sources */,
				2282974E290448C30081742D /* VisualDetailsBuilderModel.swift in Sources */,
				2282974C290448C30081742D /* PersonalDetailsBuilderModel.swift in Sources */,
				22E8068C29031188006E0629 /* WineTests.swift in Sources */,
				223925092908330A00BC92D4 /* PersonalDetailsTests.swift in Sources */,
				22A5532F29085A8C00153EDF /* DailyDataBuilderModel.swift in Sources */,
				22B07FDA2904D8D300312C34 /* HourlyDataBuilder.swift in Sources */,
				22829747290448C00081742D /* FlightBuilderModel.swift in Sources */,
				2239250E290845DC00BC92D4 /* FoodPairingTests.swift in Sources */,
				22B07FCC2904D44600312C34 /* VisualDetailsBuilder.swift in Sources */,
				22A55336290865F000153EDF /* DailyDataTests.swift in Sources */,
				2282974D290448C30081742D /* TasteDetailsBuilderModel.swift in Sources */,
				22829748290448C30081742D /* SmellDetailsBuilderModel.swift in Sources */,
				22A553522908750500153EDF /* FlightTests+Wine.swift in Sources */,
				22B07FC52904C8F100312C34 /* TestCoreDataStack.swift in Sources */,
				226DE31C29061C3A003D8E9D /* WineTests+VisualDetails.swift in Sources */,
				22B07FDC2904DA3600312C34 /* DailyDataBuilder.swift in Sources */,
				2282974A290448C30081742D /* HourlyDataBuilderModel.swift in Sources */,
				22A55350290871AA00153EDF /* WineTastingTests+Flight.swift in Sources */,
				228297452904489D0081742D /* Constants.swift in Sources */,
				2282974F290448C30081742D /* VineyardBuilderModel.swift in Sources */,
			);
			runOnlyForDeploymentPostprocessing = 0;
		};
		22E8068D29031188006E0629 /* Sources */ = {
			isa = PBXSourcesBuildPhase;
			buildActionMask = 2147483647;
			files = (
				22E8069829031188006E0629 /* Wine_CellarUITestsLaunchTests.swift in Sources */,
				22E8069629031188006E0629 /* Wine_CellarUITests.swift in Sources */,
			);
			runOnlyForDeploymentPostprocessing = 0;
		};
/* End PBXSourcesBuildPhase section */

/* Begin PBXTargetDependency section */
		22B07FBB2904617000312C34 /* PBXTargetDependency */ = {
			isa = PBXTargetDependency;
			productRef = 22B07FBA2904617000312C34 /* PureLayout */;
		};
		22E8068929031188006E0629 /* PBXTargetDependency */ = {
			isa = PBXTargetDependency;
			target = 22E8067029031187006E0629 /* Wine Cellar */;
			targetProxy = 22E8068829031188006E0629 /* PBXContainerItemProxy */;
		};
		22E8069329031188006E0629 /* PBXTargetDependency */ = {
			isa = PBXTargetDependency;
			target = 22E8067029031187006E0629 /* Wine Cellar */;
			targetProxy = 22E8069229031188006E0629 /* PBXContainerItemProxy */;
		};
/* End PBXTargetDependency section */

/* Begin XCBuildConfiguration section */
		22E8069929031188006E0629 /* Debug */ = {
			isa = XCBuildConfiguration;
			buildSettings = {
				ALWAYS_SEARCH_USER_PATHS = NO;
				CLANG_ANALYZER_NONNULL = YES;
				CLANG_ANALYZER_NUMBER_OBJECT_CONVERSION = YES_AGGRESSIVE;
				CLANG_CXX_LANGUAGE_STANDARD = "gnu++20";
				CLANG_ENABLE_MODULES = YES;
				CLANG_ENABLE_OBJC_ARC = YES;
				CLANG_ENABLE_OBJC_WEAK = YES;
				CLANG_WARN_BLOCK_CAPTURE_AUTORELEASING = YES;
				CLANG_WARN_BOOL_CONVERSION = YES;
				CLANG_WARN_COMMA = YES;
				CLANG_WARN_CONSTANT_CONVERSION = YES;
				CLANG_WARN_DEPRECATED_OBJC_IMPLEMENTATIONS = YES;
				CLANG_WARN_DIRECT_OBJC_ISA_USAGE = YES_ERROR;
				CLANG_WARN_DOCUMENTATION_COMMENTS = YES;
				CLANG_WARN_EMPTY_BODY = YES;
				CLANG_WARN_ENUM_CONVERSION = YES;
				CLANG_WARN_INFINITE_RECURSION = YES;
				CLANG_WARN_INT_CONVERSION = YES;
				CLANG_WARN_NON_LITERAL_NULL_CONVERSION = YES;
				CLANG_WARN_OBJC_IMPLICIT_RETAIN_SELF = YES;
				CLANG_WARN_OBJC_LITERAL_CONVERSION = YES;
				CLANG_WARN_OBJC_ROOT_CLASS = YES_ERROR;
				CLANG_WARN_QUOTED_INCLUDE_IN_FRAMEWORK_HEADER = YES;
				CLANG_WARN_RANGE_LOOP_ANALYSIS = YES;
				CLANG_WARN_STRICT_PROTOTYPES = YES;
				CLANG_WARN_SUSPICIOUS_MOVE = YES;
				CLANG_WARN_UNGUARDED_AVAILABILITY = YES_AGGRESSIVE;
				CLANG_WARN_UNREACHABLE_CODE = YES;
				CLANG_WARN__DUPLICATE_METHOD_MATCH = YES;
				COPY_PHASE_STRIP = NO;
				DEBUG_INFORMATION_FORMAT = dwarf;
				ENABLE_STRICT_OBJC_MSGSEND = YES;
				ENABLE_TESTABILITY = YES;
				GCC_C_LANGUAGE_STANDARD = gnu11;
				GCC_DYNAMIC_NO_PIC = NO;
				GCC_NO_COMMON_BLOCKS = YES;
				GCC_OPTIMIZATION_LEVEL = 0;
				GCC_PREPROCESSOR_DEFINITIONS = (
					"DEBUG=1",
					"$(inherited)",
				);
				GCC_WARN_64_TO_32_BIT_CONVERSION = YES;
				GCC_WARN_ABOUT_RETURN_TYPE = YES_ERROR;
				GCC_WARN_UNDECLARED_SELECTOR = YES;
				GCC_WARN_UNINITIALIZED_AUTOS = YES_AGGRESSIVE;
				GCC_WARN_UNUSED_FUNCTION = YES;
				GCC_WARN_UNUSED_VARIABLE = YES;
				IPHONEOS_DEPLOYMENT_TARGET = 16.0;
				MTL_ENABLE_DEBUG_INFO = INCLUDE_SOURCE;
				MTL_FAST_MATH = YES;
				ONLY_ACTIVE_ARCH = YES;
				SDKROOT = iphoneos;
				SWIFT_ACTIVE_COMPILATION_CONDITIONS = DEBUG;
				SWIFT_OPTIMIZATION_LEVEL = "-Onone";
			};
			name = Debug;
		};
		22E8069A29031188006E0629 /* Release */ = {
			isa = XCBuildConfiguration;
			buildSettings = {
				ALWAYS_SEARCH_USER_PATHS = NO;
				CLANG_ANALYZER_NONNULL = YES;
				CLANG_ANALYZER_NUMBER_OBJECT_CONVERSION = YES_AGGRESSIVE;
				CLANG_CXX_LANGUAGE_STANDARD = "gnu++20";
				CLANG_ENABLE_MODULES = YES;
				CLANG_ENABLE_OBJC_ARC = YES;
				CLANG_ENABLE_OBJC_WEAK = YES;
				CLANG_WARN_BLOCK_CAPTURE_AUTORELEASING = YES;
				CLANG_WARN_BOOL_CONVERSION = YES;
				CLANG_WARN_COMMA = YES;
				CLANG_WARN_CONSTANT_CONVERSION = YES;
				CLANG_WARN_DEPRECATED_OBJC_IMPLEMENTATIONS = YES;
				CLANG_WARN_DIRECT_OBJC_ISA_USAGE = YES_ERROR;
				CLANG_WARN_DOCUMENTATION_COMMENTS = YES;
				CLANG_WARN_EMPTY_BODY = YES;
				CLANG_WARN_ENUM_CONVERSION = YES;
				CLANG_WARN_INFINITE_RECURSION = YES;
				CLANG_WARN_INT_CONVERSION = YES;
				CLANG_WARN_NON_LITERAL_NULL_CONVERSION = YES;
				CLANG_WARN_OBJC_IMPLICIT_RETAIN_SELF = YES;
				CLANG_WARN_OBJC_LITERAL_CONVERSION = YES;
				CLANG_WARN_OBJC_ROOT_CLASS = YES_ERROR;
				CLANG_WARN_QUOTED_INCLUDE_IN_FRAMEWORK_HEADER = YES;
				CLANG_WARN_RANGE_LOOP_ANALYSIS = YES;
				CLANG_WARN_STRICT_PROTOTYPES = YES;
				CLANG_WARN_SUSPICIOUS_MOVE = YES;
				CLANG_WARN_UNGUARDED_AVAILABILITY = YES_AGGRESSIVE;
				CLANG_WARN_UNREACHABLE_CODE = YES;
				CLANG_WARN__DUPLICATE_METHOD_MATCH = YES;
				COPY_PHASE_STRIP = NO;
				DEBUG_INFORMATION_FORMAT = "dwarf-with-dsym";
				ENABLE_NS_ASSERTIONS = NO;
				ENABLE_STRICT_OBJC_MSGSEND = YES;
				GCC_C_LANGUAGE_STANDARD = gnu11;
				GCC_NO_COMMON_BLOCKS = YES;
				GCC_WARN_64_TO_32_BIT_CONVERSION = YES;
				GCC_WARN_ABOUT_RETURN_TYPE = YES_ERROR;
				GCC_WARN_UNDECLARED_SELECTOR = YES;
				GCC_WARN_UNINITIALIZED_AUTOS = YES_AGGRESSIVE;
				GCC_WARN_UNUSED_FUNCTION = YES;
				GCC_WARN_UNUSED_VARIABLE = YES;
				IPHONEOS_DEPLOYMENT_TARGET = 16.0;
				MTL_ENABLE_DEBUG_INFO = NO;
				MTL_FAST_MATH = YES;
				SDKROOT = iphoneos;
				SWIFT_COMPILATION_MODE = wholemodule;
				SWIFT_OPTIMIZATION_LEVEL = "-O";
				VALIDATE_PRODUCT = YES;
			};
			name = Release;
		};
		22E8069C29031188006E0629 /* Debug */ = {
			isa = XCBuildConfiguration;
			buildSettings = {
				ASSETCATALOG_COMPILER_APPICON_NAME = AppIcon;
				ASSETCATALOG_COMPILER_GLOBAL_ACCENT_COLOR_NAME = AccentColor;
				CODE_SIGN_ENTITLEMENTS = "";
				CODE_SIGN_STYLE = Automatic;
				CURRENT_PROJECT_VERSION = 1;
				DEVELOPMENT_TEAM = 89JNN3239D;
				GENERATE_INFOPLIST_FILE = YES;
				INFOPLIST_FILE = "Wine Cellar/Supporting Files/Info.plist";
				INFOPLIST_KEY_UIApplicationSupportsIndirectInputEvents = YES;
				INFOPLIST_KEY_UILaunchStoryboardName = "Launch Screen";
				INFOPLIST_KEY_UIMainStoryboardFile = "";
				INFOPLIST_KEY_UISupportedInterfaceOrientations = "UIInterfaceOrientationLandscapeLeft UIInterfaceOrientationLandscapeRight UIInterfaceOrientationPortrait";
				INFOPLIST_KEY_UISupportedInterfaceOrientations_iPad = "UIInterfaceOrientationLandscapeLeft UIInterfaceOrientationLandscapeRight UIInterfaceOrientationPortrait UIInterfaceOrientationPortraitUpsideDown";
				LD_RUNPATH_SEARCH_PATHS = (
					"$(inherited)",
					"@executable_path/Frameworks",
				);
				MARKETING_VERSION = 1.0;
				PRODUCT_BUNDLE_IDENTIFIER = "com.timbausch.wine-cellar";
				PRODUCT_NAME = "$(TARGET_NAME)";
				SWIFT_EMIT_LOC_STRINGS = YES;
				SWIFT_VERSION = 5.0;
				TARGETED_DEVICE_FAMILY = "1,2";
			};
			name = Debug;
		};
		22E8069D29031188006E0629 /* Release */ = {
			isa = XCBuildConfiguration;
			buildSettings = {
				ASSETCATALOG_COMPILER_APPICON_NAME = AppIcon;
				ASSETCATALOG_COMPILER_GLOBAL_ACCENT_COLOR_NAME = AccentColor;
				CODE_SIGN_ENTITLEMENTS = "";
				CODE_SIGN_STYLE = Automatic;
				CURRENT_PROJECT_VERSION = 1;
				DEVELOPMENT_TEAM = 89JNN3239D;
				GENERATE_INFOPLIST_FILE = YES;
				INFOPLIST_FILE = "Wine Cellar/Supporting Files/Info.plist";
				INFOPLIST_KEY_UIApplicationSupportsIndirectInputEvents = YES;
				INFOPLIST_KEY_UILaunchStoryboardName = "Launch Screen";
				INFOPLIST_KEY_UIMainStoryboardFile = "";
				INFOPLIST_KEY_UISupportedInterfaceOrientations = "UIInterfaceOrientationLandscapeLeft UIInterfaceOrientationLandscapeRight UIInterfaceOrientationPortrait";
				INFOPLIST_KEY_UISupportedInterfaceOrientations_iPad = "UIInterfaceOrientationLandscapeLeft UIInterfaceOrientationLandscapeRight UIInterfaceOrientationPortrait UIInterfaceOrientationPortraitUpsideDown";
				LD_RUNPATH_SEARCH_PATHS = (
					"$(inherited)",
					"@executable_path/Frameworks",
				);
				MARKETING_VERSION = 1.0;
				PRODUCT_BUNDLE_IDENTIFIER = "com.timbausch.wine-cellar";
				PRODUCT_NAME = "$(TARGET_NAME)";
				SWIFT_EMIT_LOC_STRINGS = YES;
				SWIFT_VERSION = 5.0;
				TARGETED_DEVICE_FAMILY = "1,2";
			};
			name = Release;
		};
		22E8069F29031188006E0629 /* Debug */ = {
			isa = XCBuildConfiguration;
			buildSettings = {
				ALWAYS_EMBED_SWIFT_STANDARD_LIBRARIES = YES;
				BUNDLE_LOADER = "$(TEST_HOST)";
				CODE_SIGN_STYLE = Automatic;
				CURRENT_PROJECT_VERSION = 1;
				DEVELOPMENT_TEAM = 89JNN3239D;
				GENERATE_INFOPLIST_FILE = YES;
				IPHONEOS_DEPLOYMENT_TARGET = 16.0;
				MARKETING_VERSION = 1.0;
				PRODUCT_BUNDLE_IDENTIFIER = "com.timbausch.Wine-CellarTests";
				PRODUCT_NAME = "$(TARGET_NAME)";
				SWIFT_EMIT_LOC_STRINGS = NO;
				SWIFT_VERSION = 5.0;
				TARGETED_DEVICE_FAMILY = "1,2";
				TEST_HOST = "$(BUILT_PRODUCTS_DIR)/Wine Cellar.app/$(BUNDLE_EXECUTABLE_FOLDER_PATH)/Wine Cellar";
			};
			name = Debug;
		};
		22E806A029031188006E0629 /* Release */ = {
			isa = XCBuildConfiguration;
			buildSettings = {
				ALWAYS_EMBED_SWIFT_STANDARD_LIBRARIES = YES;
				BUNDLE_LOADER = "$(TEST_HOST)";
				CODE_SIGN_STYLE = Automatic;
				CURRENT_PROJECT_VERSION = 1;
				DEVELOPMENT_TEAM = 89JNN3239D;
				GENERATE_INFOPLIST_FILE = YES;
				IPHONEOS_DEPLOYMENT_TARGET = 16.0;
				MARKETING_VERSION = 1.0;
				PRODUCT_BUNDLE_IDENTIFIER = "com.timbausch.Wine-CellarTests";
				PRODUCT_NAME = "$(TARGET_NAME)";
				SWIFT_EMIT_LOC_STRINGS = NO;
				SWIFT_VERSION = 5.0;
				TARGETED_DEVICE_FAMILY = "1,2";
				TEST_HOST = "$(BUILT_PRODUCTS_DIR)/Wine Cellar.app/$(BUNDLE_EXECUTABLE_FOLDER_PATH)/Wine Cellar";
			};
			name = Release;
		};
		22E806A229031188006E0629 /* Debug */ = {
			isa = XCBuildConfiguration;
			buildSettings = {
				ALWAYS_EMBED_SWIFT_STANDARD_LIBRARIES = YES;
				CODE_SIGN_STYLE = Automatic;
				CURRENT_PROJECT_VERSION = 1;
				DEVELOPMENT_TEAM = 89JNN3239D;
				GENERATE_INFOPLIST_FILE = YES;
				MARKETING_VERSION = 1.0;
				PRODUCT_BUNDLE_IDENTIFIER = "com.timbausch.Wine-CellarUITests";
				PRODUCT_NAME = "$(TARGET_NAME)";
				SWIFT_EMIT_LOC_STRINGS = NO;
				SWIFT_VERSION = 5.0;
				TARGETED_DEVICE_FAMILY = "1,2";
				TEST_TARGET_NAME = "Wine Cellar";
			};
			name = Debug;
		};
		22E806A329031188006E0629 /* Release */ = {
			isa = XCBuildConfiguration;
			buildSettings = {
				ALWAYS_EMBED_SWIFT_STANDARD_LIBRARIES = YES;
				CODE_SIGN_STYLE = Automatic;
				CURRENT_PROJECT_VERSION = 1;
				DEVELOPMENT_TEAM = 89JNN3239D;
				GENERATE_INFOPLIST_FILE = YES;
				MARKETING_VERSION = 1.0;
				PRODUCT_BUNDLE_IDENTIFIER = "com.timbausch.Wine-CellarUITests";
				PRODUCT_NAME = "$(TARGET_NAME)";
				SWIFT_EMIT_LOC_STRINGS = NO;
				SWIFT_VERSION = 5.0;
				TARGETED_DEVICE_FAMILY = "1,2";
				TEST_TARGET_NAME = "Wine Cellar";
			};
			name = Release;
		};
/* End XCBuildConfiguration section */

/* Begin XCConfigurationList section */
		22E8066C29031187006E0629 /* Build configuration list for PBXProject "Wine Cellar" */ = {
			isa = XCConfigurationList;
			buildConfigurations = (
				22E8069929031188006E0629 /* Debug */,
				22E8069A29031188006E0629 /* Release */,
			);
			defaultConfigurationIsVisible = 0;
			defaultConfigurationName = Release;
		};
		22E8069B29031188006E0629 /* Build configuration list for PBXNativeTarget "Wine Cellar" */ = {
			isa = XCConfigurationList;
			buildConfigurations = (
				22E8069C29031188006E0629 /* Debug */,
				22E8069D29031188006E0629 /* Release */,
			);
			defaultConfigurationIsVisible = 0;
			defaultConfigurationName = Release;
		};
		22E8069E29031188006E0629 /* Build configuration list for PBXNativeTarget "Wine CellarTests" */ = {
			isa = XCConfigurationList;
			buildConfigurations = (
				22E8069F29031188006E0629 /* Debug */,
				22E806A029031188006E0629 /* Release */,
			);
			defaultConfigurationIsVisible = 0;
			defaultConfigurationName = Release;
		};
		22E806A129031188006E0629 /* Build configuration list for PBXNativeTarget "Wine CellarUITests" */ = {
			isa = XCConfigurationList;
			buildConfigurations = (
				22E806A229031188006E0629 /* Debug */,
				22E806A329031188006E0629 /* Release */,
			);
			defaultConfigurationIsVisible = 0;
			defaultConfigurationName = Release;
		};
/* End XCConfigurationList section */

/* Begin XCRemoteSwiftPackageReference section */
		22FB7FDD2903697C0058F90B /* XCRemoteSwiftPackageReference "PureLayout" */ = {
			isa = XCRemoteSwiftPackageReference;
			repositoryURL = "https://github.com/PureLayout/PureLayout";
			requirement = {
				branch = master;
				kind = branch;
			};
		};
/* End XCRemoteSwiftPackageReference section */

/* Begin XCSwiftPackageProductDependency section */
		22B07FBA2904617000312C34 /* PureLayout */ = {
			isa = XCSwiftPackageProductDependency;
			package = 22FB7FDD2903697C0058F90B /* XCRemoteSwiftPackageReference "PureLayout" */;
			productName = PureLayout;
		};
		22B07FBD290461AE00312C34 /* PureLayout */ = {
			isa = XCSwiftPackageProductDependency;
			package = 22FB7FDD2903697C0058F90B /* XCRemoteSwiftPackageReference "PureLayout" */;
			productName = PureLayout;
		};
		22FB7FDE2903697C0058F90B /* PureLayout */ = {
			isa = XCSwiftPackageProductDependency;
			package = 22FB7FDD2903697C0058F90B /* XCRemoteSwiftPackageReference "PureLayout" */;
			productName = PureLayout;
		};
/* End XCSwiftPackageProductDependency section */

/* Begin XCVersionGroup section */
		22B07FC12904B98800312C34 /* Wine_Cellar.xcdatamodeld */ = {
			isa = XCVersionGroup;
			children = (
				22B07FC22904B98800312C34 /* Wine_Cellar.xcdatamodel */,
			);
			currentVersion = 22B07FC22904B98800312C34 /* Wine_Cellar.xcdatamodel */;
			path = Wine_Cellar.xcdatamodeld;
			sourceTree = "<group>";
			versionGroupType = wrapper.xcdatamodel;
		};
/* End XCVersionGroup section */
	};
	rootObject = 22E8066929031187006E0629 /* Project object */;
}
